
Microsoft Visual Studio Solution File, Format Version 12.00
# Visual Studio Version 17
VisualStudioVersion = 17.0.31903.59
MinimumVisualStudioVersion = 10.0.40219.1
Project("{2150E333-8FDC-42A3-9474-1A3956D46DE8}") = "src", "src", "{827E0CD3-B72D-47B6-A68D-7590B98EB39B}"
EndProject
Project("{FAE04EC0-301F-11D3-BF4B-00C04F79EFBC}") = "HelmSharp.Chart", "src\HelmSharp.Chart\HelmSharp.Chart.csproj", "{3B76DEDB-F9CF-4F5D-BFF5-1E28D1C1D5FF}"
EndProject
Project("{FAE04EC0-301F-11D3-BF4B-00C04F79EFBC}") = "HelmSharp.Engine", "src\HelmSharp.Engine\HelmSharp.Engine.csproj", "{8E6D23DB-90FD-4838-93CC-71A3BD41D39D}"
EndProject
Project("{FAE04EC0-301F-11D3-BF4B-00C04F79EFBC}") = "HelmSharp.Kube", "src\HelmSharp.Kube\HelmSharp.Kube.csproj", "{CECB7387-1A6B-4143-B0D9-C5E71DA5F23E}"
EndProject
Project("{FAE04EC0-301F-11D3-BF4B-00C04F79EFBC}") = "HelmSharp.Release", "src\HelmSharp.Release\HelmSharp.Release.csproj", "{3048FB3F-5375-47D1-B0B2-55080234DBDE}"
EndProject
Project("{FAE04EC0-301F-11D3-BF4B-00C04F79EFBC}") = "HelmSharp.Storage", "src\HelmSharp.Storage\HelmSharp.Storage.csproj", "{B66B05FD-BEEE-4B42-9656-D8EB4A605906}"
EndProject
Project("{FAE04EC0-301F-11D3-BF4B-00C04F79EFBC}") = "HelmSharp.Action", "src\HelmSharp.Action\HelmSharp.Action.csproj", "{4BEC4842-3946-4445-8882-1692175E2277}"
EndProject
Project("{FAE04EC0-301F-11D3-BF4B-00C04F79EFBC}") = "HelmSharp.Registry", "src\HelmSharp.Registry\HelmSharp.Registry.csproj", "{252B5E55-7DAC-47DE-BB7C-48D6D09F431F}"
EndProject
Project("{FAE04EC0-301F-11D3-BF4B-00C04F79EFBC}") = "HelmSharp.Repo", "src\HelmSharp.Repo\HelmSharp.Repo.csproj", "{3502A7FC-1970-4CBE-BD05-3EB4EABDE8A2}"
EndProject
Project("{FAE04EC0-301F-11D3-BF4B-00C04F79EFBC}") = "HelmSharp.PostRenderer", "src\HelmSharp.PostRenderer\HelmSharp.PostRenderer.csproj", "{C7424DA6-D0B0-473F-AF2C-A3B43C8752B2}"
EndProject
Project("{2150E333-8FDC-42A3-9474-1A3956D46DE8}") = "tests", "tests", "{0AB3BF05-4346-4AA6-1389-037BE0695223}"
EndProject
Project("{FAE04EC0-301F-11D3-BF4B-00C04F79EFBC}") = "HelmSharp.Tests", "tests\HelmSharp.Tests\HelmSharp.Tests.csproj", "{4FF12E3D-CA26-4C0D-8892-C23559793A58}"
EndProject
Project("{2150E333-8FDC-42A3-9474-1A3956D46DE8}") = "examples", "examples", "{B36A84DF-456D-A817-6EDD-3EC3E7F6E11F}"
EndProject
Project("{FAE04EC0-301F-11D3-BF4B-00C04F79EFBC}") = "RenderChart", "examples\RenderChart\RenderChart.csproj", "{C35F17CE-9303-4342-8663-D501694AC5CE}"
EndProject
Project("{FAE04EC0-301F-11D3-BF4B-00C04F79EFBC}") = "InstallRelease", "examples\InstallRelease\InstallRelease.csproj", "{6424A381-D80C-417D-93B6-076020D0787B}"
EndProject
Global
	GlobalSection(SolutionConfigurationPlatforms) = preSolution
		Debug|Any CPU = Debug|Any CPU
		Debug|x64 = Debug|x64
		Debug|x86 = Debug|x86
		Release|Any CPU = Release|Any CPU
		Release|x64 = Release|x64
		Release|x86 = Release|x86
	EndGlobalSection
	GlobalSection(ProjectConfigurationPlatforms) = postSolution
		{3B76DEDB-F9CF-4F5D-BFF5-1E28D1C1D5FF}.Debug|Any CPU.ActiveCfg = Debug|Any CPU
		{3B76DEDB-F9CF-4F5D-BFF5-1E28D1C1D5FF}.Debug|Any CPU.Build.0 = Debug|Any CPU
		{3B76DEDB-F9CF-4F5D-BFF5-1E28D1C1D5FF}.Debug|x64.ActiveCfg = Debug|Any CPU
		{3B76DEDB-F9CF-4F5D-BFF5-1E28D1C1D5FF}.Debug|x64.Build.0 = Debug|Any CPU
		{3B76DEDB-F9CF-4F5D-BFF5-1E28D1C1D5FF}.Debug|x86.ActiveCfg = Debug|Any CPU
		{3B76DEDB-F9CF-4F5D-BFF5-1E28D1C1D5FF}.Debug|x86.Build.0 = Debug|Any CPU
		{3B76DEDB-F9CF-4F5D-BFF5-1E28D1C1D5FF}.Release|Any CPU.ActiveCfg = Release|Any CPU
		{3B76DEDB-F9CF-4F5D-BFF5-1E28D1C1D5FF}.Release|Any CPU.Build.0 = Release|Any CPU
		{3B76DEDB-F9CF-4F5D-BFF5-1E28D1C1D5FF}.Release|x64.ActiveCfg = Release|Any CPU
		{3B76DEDB-F9CF-4F5D-BFF5-1E28D1C1D5FF}.Release|x64.Build.0 = Release|Any CPU
		{3B76DEDB-F9CF-4F5D-BFF5-1E28D1C1D5FF}.Release|x86.ActiveCfg = Release|Any CPU
		{3B76DEDB-F9CF-4F5D-BFF5-1E28D1C1D5FF}.Release|x86.Build.0 = Release|Any CPU
		{8E6D23DB-90FD-4838-93CC-71A3BD41D39D}.Debug|Any CPU.ActiveCfg = Debug|Any CPU
		{8E6D23DB-90FD-4838-93CC-71A3BD41D39D}.Debug|Any CPU.Build.0 = Debug|Any CPU
		{8E6D23DB-90FD-4838-93CC-71A3BD41D39D}.Debug|x64.ActiveCfg = Debug|Any CPU
		{8E6D23DB-90FD-4838-93CC-71A3BD41D39D}.Debug|x64.Build.0 = Debug|Any CPU
		{8E6D23DB-90FD-4838-93CC-71A3BD41D39D}.Debug|x86.ActiveCfg = Debug|Any CPU
		{8E6D23DB-90FD-4838-93CC-71A3BD41D39D}.Debug|x86.Build.0 = Debug|Any CPU
		{8E6D23DB-90FD-4838-93CC-71A3BD41D39D}.Release|Any CPU.ActiveCfg = Release|Any CPU
		{8E6D23DB-90FD-4838-93CC-71A3BD41D39D}.Release|Any CPU.Build.0 = Release|Any CPU
		{8E6D23DB-90FD-4838-93CC-71A3BD41D39D}.Release|x64.ActiveCfg = Release|Any CPU
		{8E6D23DB-90FD-4838-93CC-71A3BD41D39D}.Release|x64.Build.0 = Release|Any CPU
		{8E6D23DB-90FD-4838-93CC-71A3BD41D39D}.Release|x86.ActiveCfg = Release|Any CPU
		{8E6D23DB-90FD-4838-93CC-71A3BD41D39D}.Release|x86.Build.0 = Release|Any CPU
		{CECB7387-1A6B-4143-B0D9-C5E71DA5F23E}.Debug|Any CPU.ActiveCfg = Debug|Any CPU
		{CECB7387-1A6B-4143-B0D9-C5E71DA5F23E}.Debug|Any CPU.Build.0 = Debug|Any CPU
		{CECB7387-1A6B-4143-B0D9-C5E71DA5F23E}.Debug|x64.ActiveCfg = Debug|Any CPU
		{CECB7387-1A6B-4143-B0D9-C5E71DA5F23E}.Debug|x64.Build.0 = Debug|Any CPU
		{CECB7387-1A6B-4143-B0D9-C5E71DA5F23E}.Debug|x86.ActiveCfg = Debug|Any CPU
		{CECB7387-1A6B-4143-B0D9-C5E71DA5F23E}.Debug|x86.Build.0 = Debug|Any CPU
		{CECB7387-1A6B-4143-B0D9-C5E71DA5F23E}.Release|Any CPU.ActiveCfg = Release|Any CPU
		{CECB7387-1A6B-4143-B0D9-C5E71DA5F23E}.Release|Any CPU.Build.0 = Release|Any CPU
		{CECB7387-1A6B-4143-B0D9-C5E71DA5F23E}.Release|x64.ActiveCfg = Release|Any CPU
		{CECB7387-1A6B-4143-B0D9-C5E71DA5F23E}.Release|x64.Build.0 = Release|Any CPU
		{CECB7387-1A6B-4143-B0D9-C5E71DA5F23E}.Release|x86.ActiveCfg = Release|Any CPU
		{CECB7387-1A6B-4143-B0D9-C5E71DA5F23E}.Release|x86.Build.0 = Release|Any CPU
		{3048FB3F-5375-47D1-B0B2-55080234DBDE}.Debug|Any CPU.ActiveCfg = Debug|Any CPU
		{3048FB3F-5375-47D1-B0B2-55080234DBDE}.Debug|Any CPU.Build.0 = Debug|Any CPU
		{3048FB3F-5375-47D1-B0B2-55080234DBDE}.Debug|x64.ActiveCfg = Debug|Any CPU
		{3048FB3F-5375-47D1-B0B2-55080234DBDE}.Debug|x64.Build.0 = Debug|Any CPU
		{3048FB3F-5375-47D1-B0B2-55080234DBDE}.Debug|x86.ActiveCfg = Debug|Any CPU
		{3048FB3F-5375-47D1-B0B2-55080234DBDE}.Debug|x86.Build.0 = Debug|Any CPU
		{3048FB3F-5375-47D1-B0B2-55080234DBDE}.Release|Any CPU.ActiveCfg = Release|Any CPU
		{3048FB3F-5375-47D1-B0B2-55080234DBDE}.Release|Any CPU.Build.0 = Release|Any CPU
		{3048FB3F-5375-47D1-B0B2-55080234DBDE}.Release|x64.ActiveCfg = Release|Any CPU
		{3048FB3F-5375-47D1-B0B2-55080234DBDE}.Release|x64.Build.0 = Release|Any CPU
		{3048FB3F-5375-47D1-B0B2-55080234DBDE}.Release|x86.ActiveCfg = Release|Any CPU
		{3048FB3F-5375-47D1-B0B2-55080234DBDE}.Release|x86.Build.0 = Release|Any CPU
		{B66B05FD-BEEE-4B42-9656-D8EB4A605906}.Debug|Any CPU.ActiveCfg = Debug|Any CPU
		{B66B05FD-BEEE-4B42-9656-D8EB4A605906}.Debug|Any CPU.Build.0 = Debug|Any CPU
		{B66B05FD-BEEE-4B42-9656-D8EB4A605906}.Debug|x64.ActiveCfg = Debug|Any CPU
		{B66B05FD-BEEE-4B42-9656-D8EB4A605906}.Debug|x64.Build.0 = Debug|Any CPU
		{B66B05FD-BEEE-4B42-9656-D8EB4A605906}.Debug|x86.ActiveCfg = Debug|Any CPU
		{B66B05FD-BEEE-4B42-9656-D8EB4A605906}.Debug|x86.Build.0 = Debug|Any CPU
		{B66B05FD-BEEE-4B42-9656-D8EB4A605906}.Release|Any CPU.ActiveCfg = Release|Any CPU
		{B66B05FD-BEEE-4B42-9656-D8EB4A605906}.Release|Any CPU.Build.0 = Release|Any CPU
		{B66B05FD-BEEE-4B42-9656-D8EB4A605906}.Release|x64.ActiveCfg = Release|Any CPU
		{B66B05FD-BEEE-4B42-9656-D8EB4A605906}.Release|x64.Build.0 = Release|Any CPU
		{B66B05FD-BEEE-4B42-9656-D8EB4A605906}.Release|x86.ActiveCfg = Release|Any CPU
		{B66B05FD-BEEE-4B42-9656-D8EB4A605906}.Release|x86.Build.0 = Release|Any CPU
		{4BEC4842-3946-4445-8882-1692175E2277}.Debug|Any CPU.ActiveCfg = Debug|Any CPU
		{4BEC4842-3946-4445-8882-1692175E2277}.Debug|Any CPU.Build.0 = Debug|Any CPU
		{4BEC4842-3946-4445-8882-1692175E2277}.Debug|x64.ActiveCfg = Debug|Any CPU
		{4BEC4842-3946-4445-8882-1692175E2277}.Debug|x64.Build.0 = Debug|Any CPU
		{4BEC4842-3946-4445-8882-1692175E2277}.Debug|x86.ActiveCfg = Debug|Any CPU
		{4BEC4842-3946-4445-8882-1692175E2277}.Debug|x86.Build.0 = Debug|Any CPU
		{4BEC4842-3946-4445-8882-1692175E2277}.Release|Any CPU.ActiveCfg = Release|Any CPU
		{4BEC4842-3946-4445-8882-1692175E2277}.Release|Any CPU.Build.0 = Release|Any CPU
		{4BEC4842-3946-4445-8882-1692175E2277}.Release|x64.ActiveCfg = Release|Any CPU
		{4BEC4842-3946-4445-8882-1692175E2277}.Release|x64.Build.0 = Release|Any CPU
		{4BEC4842-3946-4445-8882-1692175E2277}.Release|x86.ActiveCfg = Release|Any CPU
		{4BEC4842-3946-4445-8882-1692175E2277}.Release|x86.Build.0 = Release|Any CPU
		{252B5E55-7DAC-47DE-BB7C-48D6D09F431F}.Debug|Any CPU.ActiveCfg = Debug|Any CPU
		{252B5E55-7DAC-47DE-BB7C-48D6D09F431F}.Debug|Any CPU.Build.0 = Debug|Any CPU
		{252B5E55-7DAC-47DE-BB7C-48D6D09F431F}.Debug|x64.ActiveCfg = Debug|Any CPU
		{252B5E55-7DAC-47DE-BB7C-48D6D09F431F}.Debug|x64.Build.0 = Debug|Any CPU
		{252B5E55-7DAC-47DE-BB7C-48D6D09F431F}.Debug|x86.ActiveCfg = Debug|Any CPU
		{252B5E55-7DAC-47DE-BB7C-48D6D09F431F}.Debug|x86.Build.0 = Debug|Any CPU
		{252B5E55-7DAC-47DE-BB7C-48D6D09F431F}.Release|Any CPU.ActiveCfg = Release|Any CPU
		{252B5E55-7DAC-47DE-BB7C-48D6D09F431F}.Release|Any CPU.Build.0 = Release|Any CPU
		{252B5E55-7DAC-47DE-BB7C-48D6D09F431F}.Release|x64.ActiveCfg = Release|Any CPU
		{252B5E55-7DAC-47DE-BB7C-48D6D09F431F}.Release|x64.Build.0 = Release|Any CPU
		{252B5E55-7DAC-47DE-BB7C-48D6D09F431F}.Release|x86.ActiveCfg = Release|Any CPU
		{252B5E55-7DAC-47DE-BB7C-48D6D09F431F}.Release|x86.Build.0 = Release|Any CPU
		{3502A7FC-1970-4CBE-BD05-3EB4EABDE8A2}.Debug|Any CPU.ActiveCfg = Debug|Any CPU
		{3502A7FC-1970-4CBE-BD05-3EB4EABDE8A2}.Debug|Any CPU.Build.0 = Debug|Any CPU
		{3502A7FC-1970-4CBE-BD05-3EB4EABDE8A2}.Debug|x64.ActiveCfg = Debug|Any CPU
		{3502A7FC-1970-4CBE-BD05-3EB4EABDE8A2}.Debug|x64.Build.0 = Debug|Any CPU
		{3502A7FC-1970-4CBE-BD05-3EB4EABDE8A2}.Debug|x86.ActiveCfg = Debug|Any CPU
		{3502A7FC-1970-4CBE-BD05-3EB4EABDE8A2}.Debug|x86.Build.0 = Debug|Any CPU
		{3502A7FC-1970-4CBE-BD05-3EB4EABDE8A2}.Release|Any CPU.ActiveCfg = Release|Any CPU
		{3502A7FC-1970-4CBE-BD05-3EB4EABDE8A2}.Release|Any CPU.Build.0 = Release|Any CPU
		{3502A7FC-1970-4CBE-BD05-3EB4EABDE8A2}.Release|x64.ActiveCfg = Release|Any CPU
		{3502A7FC-1970-4CBE-BD05-3EB4EABDE8A2}.Release|x64.Build.0 = Release|Any CPU
		{3502A7FC-1970-4CBE-BD05-3EB4EABDE8A2}.Release|x86.ActiveCfg = Release|Any CPU
		{3502A7FC-1970-4CBE-BD05-3EB4EABDE8A2}.Release|x86.Build.0 = Release|Any CPU
		{C7424DA6-D0B0-473F-AF2C-A3B43C8752B2}.Debug|Any CPU.ActiveCfg = Debug|Any CPU
		{C7424DA6-D0B0-473F-AF2C-A3B43C8752B2}.Debug|Any CPU.Build.0 = Debug|Any CPU
		{C7424DA6-D0B0-473F-AF2C-A3B43C8752B2}.Debug|x64.ActiveCfg = Debug|Any CPU
		{C7424DA6-D0B0-473F-AF2C-A3B43C8752B2}.Debug|x64.Build.0 = Debug|Any CPU
		{C7424DA6-D0B0-473F-AF2C-A3B43C8752B2}.Debug|x86.ActiveCfg = Debug|Any CPU
		{C7424DA6-D0B0-473F-AF2C-A3B43C8752B2}.Debug|x86.Build.0 = Debug|Any CPU
		{C7424DA6-D0B0-473F-AF2C-A3B43C8752B2}.Release|Any CPU.ActiveCfg = Release|Any CPU
		{C7424DA6-D0B0-473F-AF2C-A3B43C8752B2}.Release|Any CPU.Build.0 = Release|Any CPU
		{C7424DA6-D0B0-473F-AF2C-A3B43C8752B2}.Release|x64.ActiveCfg = Release|Any CPU
		{C7424DA6-D0B0-473F-AF2C-A3B43C8752B2}.Release|x64.Build.0 = Release|Any CPU
		{C7424DA6-D0B0-473F-AF2C-A3B43C8752B2}.Release|x86.ActiveCfg = Release|Any CPU
		{C7424DA6-D0B0-473F-AF2C-A3B43C8752B2}.Release|x86.Build.0 = Release|Any CPU
		{4FF12E3D-CA26-4C0D-8892-C23559793A58}.Debug|Any CPU.ActiveCfg = Debug|Any CPU
		{4FF12E3D-CA26-4C0D-8892-C23559793A58}.Debug|Any CPU.Build.0 = Debug|Any CPU
		{4FF12E3D-CA26-4C0D-8892-C23559793A58}.Debug|x64.ActiveCfg = Debug|Any CPU
		{4FF12E3D-CA26-4C0D-8892-C23559793A58}.Debug|x64.Build.0 = Debug|Any CPU
		{4FF12E3D-CA26-4C0D-8892-C23559793A58}.Debug|x86.ActiveCfg = Debug|Any CPU
		{4FF12E3D-CA26-4C0D-8892-C23559793A58}.Debug|x86.Build.0 = Debug|Any CPU
		{4FF12E3D-CA26-4C0D-8892-C23559793A58}.Release|Any CPU.ActiveCfg = Release|Any CPU
		{4FF12E3D-CA26-4C0D-8892-C23559793A58}.Release|Any CPU.Build.0 = Release|Any CPU
		{4FF12E3D-CA26-4C0D-8892-C23559793A58}.Release|x64.ActiveCfg = Release|Any CPU
		{4FF12E3D-CA26-4C0D-8892-C23559793A58}.Release|x64.Build.0 = Release|Any CPU
		{4FF12E3D-CA26-4C0D-8892-C23559793A58}.Release|x86.ActiveCfg = Release|Any CPU
		{4FF12E3D-CA26-4C0D-8892-C23559793A58}.Release|x86.Build.0 = Release|Any CPU
		{C35F17CE-9303-4342-8663-D501694AC5CE}.Debug|Any CPU.ActiveCfg = Debug|Any CPU
		{C35F17CE-9303-4342-8663-D501694AC5CE}.Debug|Any CPU.Build.0 = Debug|Any CPU
		{C35F17CE-9303-4342-8663-D501694AC5CE}.Debug|x64.ActiveCfg = Debug|Any CPU
		{C35F17CE-9303-4342-8663-D501694AC5CE}.Debug|x64.Build.0 = Debug|Any CPU
		{C35F17CE-9303-4342-8663-D501694AC5CE}.Debug|x86.ActiveCfg = Debug|Any CPU
		{C35F17CE-9303-4342-8663-D501694AC5CE}.Debug|x86.Build.0 = Debug|Any CPU
		{C35F17CE-9303-4342-8663-D501694AC5CE}.Release|Any CPU.ActiveCfg = Release|Any CPU
		{C35F17CE-9303-4342-8663-D501694AC5CE}.Release|Any CPU.Build.0 = Release|Any CPU
		{C35F17CE-9303-4342-8663-D501694AC5CE}.Release|x64.ActiveCfg = Release|Any CPU
		{C35F17CE-9303-4342-8663-D501694AC5CE}.Release|x64.Build.0 = Release|Any CPU
		{C35F17CE-9303-4342-8663-D501694AC5CE}.Release|x86.ActiveCfg = Release|Any CPU
		{C35F17CE-9303-4342-8663-D501694AC5CE}.Release|x86.Build.0 = Release|Any CPU
		{6424A381-D80C-417D-93B6-076020D0787B}.Debug|Any CPU.ActiveCfg = Debug|Any CPU
		{6424A381-D80C-417D-93B6-076020D0787B}.Debug|Any CPU.Build.0 = Debug|Any CPU
		{6424A381-D80C-417D-93B6-076020D0787B}.Debug|x64.ActiveCfg = Debug|Any CPU
		{6424A381-D80C-417D-93B6-076020D0787B}.Debug|x64.Build.0 = Debug|Any CPU
		{6424A381-D80C-417D-93B6-076020D0787B}.Debug|x86.ActiveCfg = Debug|Any CPU
		{6424A381-D80C-417D-93B6-076020D0787B}.Debug|x86.Build.0 = Debug|Any CPU
		{6424A381-D80C-417D-93B6-076020D0787B}.Release|Any CPU.ActiveCfg = Release|Any CPU
		{6424A381-D80C-417D-93B6-076020D0787B}.Release|Any CPU.Build.0 = Release|Any CPU
		{6424A381-D80C-417D-93B6-076020D0787B}.Release|x64.ActiveCfg = Release|Any CPU
		{6424A381-D80C-417D-93B6-076020D0787B}.Release|x64.Build.0 = Release|Any CPU
		{6424A381-D80C-417D-93B6-076020D0787B}.Release|x86.ActiveCfg = Release|Any CPU
		{6424A381-D80C-417D-93B6-076020D0787B}.Release|x86.Build.0 = Release|Any CPU
	EndGlobalSection
	GlobalSection(SolutionProperties) = preSolution
		HideSolutionNode = FALSE
	EndGlobalSection
	GlobalSection(NestedProjects) = preSolution
		{3B76DEDB-F9CF-4F5D-BFF5-1E28D1C1D5FF} = {827E0CD3-B72D-47B6-A68D-7590B98EB39B}
		{8E6D23DB-90FD-4838-93CC-71A3BD41D39D} = {827E0CD3-B72D-47B6-A68D-7590B98EB39B}
		{CECB7387-1A6B-4143-B0D9-C5E71DA5F23E} = {827E0CD3-B72D-47B6-A68D-7590B98EB39B}
		{3048FB3F-5375-47D1-B0B2-55080234DBDE} = {827E0CD3-B72D-47B6-A68D-7590B98EB39B}
		{B66B05FD-BEEE-4B42-9656-D8EB4A605906} = {827E0CD3-B72D-47B6-A68D-7590B98EB39B}
		{4BEC4842-3946-4445-8882-1692175E2277} = {827E0CD3-B72D-47B6-A68D-7590B98EB39B}
		{252B5E55-7DAC-47DE-BB7C-48D6D09F431F} = {827E0CD3-B72D-47B6-A68D-7590B98EB39B}
		{3502A7FC-1970-4CBE-BD05-3EB4EABDE8A2} = {827E0CD3-B72D-47B6-A68D-7590B98EB39B}
		{C7424DA6-D0B0-473F-AF2C-A3B43C8752B2} = {827E0CD3-B72D-47B6-A68D-7590B98EB39B}
		{4FF12E3D-CA26-4C0D-8892-C23559793A58} = {0AB3BF05-4346-4AA6-1389-037BE0695223}
		{C35F17CE-9303-4342-8663-D501694AC5CE} = {B36A84DF-456D-A817-6EDD-3EC3E7F6E11F}
		{6424A381-D80C-417D-93B6-076020D0787B} = {B36A84DF-456D-A817-6EDD-3EC3E7F6E11F}
	EndGlobalSection
EndGlobal
